
Microsoft Visual Studio Solution File, Format Version 12.00
# Visual Studio 14
VisualStudioVersion = 14.0.25420.1
MinimumVisualStudioVersion = 10.0.40219.1
Project("{FAE04EC0-301F-11D3-BF4B-00C04F79EFBC}") = "Bob1-SoundBoard", "Bob1-SoundBoard\Bob1-SoundBoard.csproj", "{09B82180-F41C-415C-831D-D35B3D19AF87}"
EndProject
Project("{FAE04EC0-301F-11D3-BF4B-00C04F79EFBC}") = "Bob-FakeNews", "Bob-FakeNews\Bob-FakeNews.csproj", "{58F26B5D-0670-49E4-979C-DC4E6BDDA484}"
EndProject
Project("{FAE04EC0-301F-11D3-BF4B-00C04F79EFBC}") = "Bob-ObservableCollectionExample", "Bob-ObservableCollectionExample\Bob-ObservableCollectionExample.csproj", "{904A60AB-1B56-45AB-A947-6D84B75F2082}"
EndProject
Project("{FAE04EC0-301F-11D3-BF4B-00C04F79EFBC}") = "Bob-UserControlDataTemplate", "Bob-UserControlDataTemplate\Bob-UserControlDataTemplate.csproj", "{D0E24439-57A7-47F3-99A5-E563060520E7}"
EndProject
Project("{FAE04EC0-301F-11D3-BF4B-00C04F79EFBC}") = "Tasks", "Tasks\Tasks.csproj", "{DD11A418-0097-4F2E-BEB4-9A66E2306C64}"
EndProject
Project("{FAE04EC0-301F-11D3-BF4B-00C04F79EFBC}") = "Bob-xBindDataExample", "Bob-xBindDataExample\Bob-xBindDataExample.csproj", "{7443C4B9-AAC0-4A2F-A606-5E654DB1685F}"
EndProject
Project("{FAE04EC0-301F-11D3-BF4B-00C04F79EFBC}") = "Tests", "Tests\Tests.csproj", "{715D80C1-2ED0-45EE-975F-3EB557C2B602}"
EndProject
Project("{FAE04EC0-301F-11D3-BF4B-00C04F79EFBC}") = "Bob1-DragDropExample", "Bob1-DragDropExample\Bob1-DragDropExample.csproj", "{06135E4F-5A75-4894-B384-9CD5C631EA3B}"
EndProject
Project("{FAE04EC0-301F-11D3-BF4B-00C04F79EFBC}") = "PersonClasses", "PersonClasses\PersonClasses.csproj", "{FD43054E-FAEC-43DB-BABA-F660D4F1B677}"
EndProject
Project("{FAE04EC0-301F-11D3-BF4B-00C04F79EFBC}") = "Bob2-Weather", "Bob2-Weather\Bob2-Weather.csproj", "{A0EF5783-7DE5-4600-A481-ED6F40FDAD5F}"
EndProject
Project("{FAE04EC0-301F-11D3-BF4B-00C04F79EFBC}") = "Bob3-AlbumCoverMatchGame", "Bob3-AlbumCoverMatchGame\Bob3-AlbumCoverMatchGame.csproj", "{99EFEDFA-793E-475E-AD32-510F5A236392}"
EndProject
Global
	GlobalSection(SolutionConfigurationPlatforms) = preSolution
		Debug|Any CPU = Debug|Any CPU
		Debug|ARM = Debug|ARM
		Debug|x64 = Debug|x64
		Debug|x86 = Debug|x86
		Release|Any CPU = Release|Any CPU
		Release|ARM = Release|ARM
		Release|x64 = Release|x64
		Release|x86 = Release|x86
	EndGlobalSection
	GlobalSection(ProjectConfigurationPlatforms) = postSolution
		{09B82180-F41C-415C-831D-D35B3D19AF87}.Debug|Any CPU.ActiveCfg = Debug|x86
		{09B82180-F41C-415C-831D-D35B3D19AF87}.Debug|ARM.ActiveCfg = Debug|ARM
		{09B82180-F41C-415C-831D-D35B3D19AF87}.Debug|ARM.Build.0 = Debug|ARM
		{09B82180-F41C-415C-831D-D35B3D19AF87}.Debug|ARM.Deploy.0 = Debug|ARM
		{09B82180-F41C-415C-831D-D35B3D19AF87}.Debug|x64.ActiveCfg = Debug|x64
		{09B82180-F41C-415C-831D-D35B3D19AF87}.Debug|x64.Build.0 = Debug|x64
		{09B82180-F41C-415C-831D-D35B3D19AF87}.Debug|x64.Deploy.0 = Debug|x64
		{09B82180-F41C-415C-831D-D35B3D19AF87}.Debug|x86.ActiveCfg = Debug|x86
		{09B82180-F41C-415C-831D-D35B3D19AF87}.Debug|x86.Deploy.0 = Debug|x86
		{09B82180-F41C-415C-831D-D35B3D19AF87}.Release|Any CPU.ActiveCfg = Release|x86
		{09B82180-F41C-415C-831D-D35B3D19AF87}.Release|ARM.ActiveCfg = Release|ARM
		{09B82180-F41C-415C-831D-D35B3D19AF87}.Release|ARM.Build.0 = Release|ARM
		{09B82180-F41C-415C-831D-D35B3D19AF87}.Release|ARM.Deploy.0 = Release|ARM
		{09B82180-F41C-415C-831D-D35B3D19AF87}.Release|x64.ActiveCfg = Release|x64
		{09B82180-F41C-415C-831D-D35B3D19AF87}.Release|x64.Build.0 = Release|x64
		{09B82180-F41C-415C-831D-D35B3D19AF87}.Release|x64.Deploy.0 = Release|x64
		{09B82180-F41C-415C-831D-D35B3D19AF87}.Release|x86.ActiveCfg = Release|x86
		{09B82180-F41C-415C-831D-D35B3D19AF87}.Release|x86.Build.0 = Release|x86
		{09B82180-F41C-415C-831D-D35B3D19AF87}.Release|x86.Deploy.0 = Release|x86
		{58F26B5D-0670-49E4-979C-DC4E6BDDA484}.Debug|Any CPU.ActiveCfg = Debug|x86
		{58F26B5D-0670-49E4-979C-DC4E6BDDA484}.Debug|ARM.ActiveCfg = Debug|ARM
		{58F26B5D-0670-49E4-979C-DC4E6BDDA484}.Debug|ARM.Build.0 = Debug|ARM
		{58F26B5D-0670-49E4-979C-DC4E6BDDA484}.Debug|ARM.Deploy.0 = Debug|ARM
		{58F26B5D-0670-49E4-979C-DC4E6BDDA484}.Debug|x64.ActiveCfg = Debug|x64
		{58F26B5D-0670-49E4-979C-DC4E6BDDA484}.Debug|x64.Build.0 = Debug|x64
		{58F26B5D-0670-49E4-979C-DC4E6BDDA484}.Debug|x64.Deploy.0 = Debug|x64
		{58F26B5D-0670-49E4-979C-DC4E6BDDA484}.Debug|x86.ActiveCfg = Debug|x86
		{58F26B5D-0670-49E4-979C-DC4E6BDDA484}.Release|Any CPU.ActiveCfg = Release|x86
		{58F26B5D-0670-49E4-979C-DC4E6BDDA484}.Release|ARM.ActiveCfg = Release|ARM
		{58F26B5D-0670-49E4-979C-DC4E6BDDA484}.Release|ARM.Build.0 = Release|ARM
		{58F26B5D-0670-49E4-979C-DC4E6BDDA484}.Release|ARM.Deploy.0 = Release|ARM
		{58F26B5D-0670-49E4-979C-DC4E6BDDA484}.Release|x64.ActiveCfg = Release|x64
		{58F26B5D-0670-49E4-979C-DC4E6BDDA484}.Release|x64.Build.0 = Release|x64
		{58F26B5D-0670-49E4-979C-DC4E6BDDA484}.Release|x64.Deploy.0 = Release|x64
		{58F26B5D-0670-49E4-979C-DC4E6BDDA484}.Release|x86.ActiveCfg = Release|x86
		{58F26B5D-0670-49E4-979C-DC4E6BDDA484}.Release|x86.Build.0 = Release|x86
		{58F26B5D-0670-49E4-979C-DC4E6BDDA484}.Release|x86.Deploy.0 = Release|x86
		{904A60AB-1B56-45AB-A947-6D84B75F2082}.Debug|Any CPU.ActiveCfg = Debug|x86
		{904A60AB-1B56-45AB-A947-6D84B75F2082}.Debug|ARM.ActiveCfg = Debug|ARM
		{904A60AB-1B56-45AB-A947-6D84B75F2082}.Debug|ARM.Build.0 = Debug|ARM
		{904A60AB-1B56-45AB-A947-6D84B75F2082}.Debug|ARM.Deploy.0 = Debug|ARM
		{904A60AB-1B56-45AB-A947-6D84B75F2082}.Debug|x64.ActiveCfg = Debug|x64
		{904A60AB-1B56-45AB-A947-6D84B75F2082}.Debug|x64.Build.0 = Debug|x64
		{904A60AB-1B56-45AB-A947-6D84B75F2082}.Debug|x64.Deploy.0 = Debug|x64
		{904A60AB-1B56-45AB-A947-6D84B75F2082}.Debug|x86.ActiveCfg = Debug|x86
		{904A60AB-1B56-45AB-A947-6D84B75F2082}.Release|Any CPU.ActiveCfg = Release|x86
		{904A60AB-1B56-45AB-A947-6D84B75F2082}.Release|ARM.ActiveCfg = Release|ARM
		{904A60AB-1B56-45AB-A947-6D84B75F2082}.Release|ARM.Build.0 = Release|ARM
		{904A60AB-1B56-45AB-A947-6D84B75F2082}.Release|ARM.Deploy.0 = Release|ARM
		{904A60AB-1B56-45AB-A947-6D84B75F2082}.Release|x64.ActiveCfg = Release|x64
		{904A60AB-1B56-45AB-A947-6D84B75F2082}.Release|x64.Build.0 = Release|x64
		{904A60AB-1B56-45AB-A947-6D84B75F2082}.Release|x64.Deploy.0 = Release|x64
		{904A60AB-1B56-45AB-A947-6D84B75F2082}.Release|x86.ActiveCfg = Release|x86
		{904A60AB-1B56-45AB-A947-6D84B75F2082}.Release|x86.Build.0 = Release|x86
		{904A60AB-1B56-45AB-A947-6D84B75F2082}.Release|x86.Deploy.0 = Release|x86
		{D0E24439-57A7-47F3-99A5-E563060520E7}.Debug|Any CPU.ActiveCfg = Debug|x86
		{D0E24439-57A7-47F3-99A5-E563060520E7}.Debug|ARM.ActiveCfg = Debug|ARM
		{D0E24439-57A7-47F3-99A5-E563060520E7}.Debug|ARM.Build.0 = Debug|ARM
		{D0E24439-57A7-47F3-99A5-E563060520E7}.Debug|ARM.Deploy.0 = Debug|ARM
		{D0E24439-57A7-47F3-99A5-E563060520E7}.Debug|x64.ActiveCfg = Debug|x64
		{D0E24439-57A7-47F3-99A5-E563060520E7}.Debug|x64.Build.0 = Debug|x64
		{D0E24439-57A7-47F3-99A5-E563060520E7}.Debug|x64.Deploy.0 = Debug|x64
		{D0E24439-57A7-47F3-99A5-E563060520E7}.Debug|x86.ActiveCfg = Debug|x86
		{D0E24439-57A7-47F3-99A5-E563060520E7}.Release|Any CPU.ActiveCfg = Release|x86
		{D0E24439-57A7-47F3-99A5-E563060520E7}.Release|ARM.ActiveCfg = Release|ARM
		{D0E24439-57A7-47F3-99A5-E563060520E7}.Release|ARM.Build.0 = Release|ARM
		{D0E24439-57A7-47F3-99A5-E563060520E7}.Release|ARM.Deploy.0 = Release|ARM
		{D0E24439-57A7-47F3-99A5-E563060520E7}.Release|x64.ActiveCfg = Release|x64
		{D0E24439-57A7-47F3-99A5-E563060520E7}.Release|x64.Build.0 = Release|x64
		{D0E24439-57A7-47F3-99A5-E563060520E7}.Release|x64.Deploy.0 = Release|x64
		{D0E24439-57A7-47F3-99A5-E563060520E7}.Release|x86.ActiveCfg = Release|x86
		{D0E24439-57A7-47F3-99A5-E563060520E7}.Release|x86.Build.0 = Release|x86
		{D0E24439-57A7-47F3-99A5-E563060520E7}.Release|x86.Deploy.0 = Release|x86
		{DD11A418-0097-4F2E-BEB4-9A66E2306C64}.Debug|Any CPU.ActiveCfg = Debug|Any CPU
		{DD11A418-0097-4F2E-BEB4-9A66E2306C64}.Debug|Any CPU.Build.0 = Debug|Any CPU
		{DD11A418-0097-4F2E-BEB4-9A66E2306C64}.Debug|ARM.ActiveCfg = Debug|ARM
		{DD11A418-0097-4F2E-BEB4-9A66E2306C64}.Debug|ARM.Build.0 = Debug|ARM
		{DD11A418-0097-4F2E-BEB4-9A66E2306C64}.Debug|x64.ActiveCfg = Debug|x64
		{DD11A418-0097-4F2E-BEB4-9A66E2306C64}.Debug|x64.Build.0 = Debug|x64
		{DD11A418-0097-4F2E-BEB4-9A66E2306C64}.Debug|x86.ActiveCfg = Debug|x86
		{DD11A418-0097-4F2E-BEB4-9A66E2306C64}.Debug|x86.Build.0 = Debug|x86
		{DD11A418-0097-4F2E-BEB4-9A66E2306C64}.Release|Any CPU.ActiveCfg = Release|Any CPU
		{DD11A418-0097-4F2E-BEB4-9A66E2306C64}.Release|Any CPU.Build.0 = Release|Any CPU
		{DD11A418-0097-4F2E-BEB4-9A66E2306C64}.Release|ARM.ActiveCfg = Release|ARM
		{DD11A418-0097-4F2E-BEB4-9A66E2306C64}.Release|ARM.Build.0 = Release|ARM
		{DD11A418-0097-4F2E-BEB4-9A66E2306C64}.Release|x64.ActiveCfg = Release|x64
		{DD11A418-0097-4F2E-BEB4-9A66E2306C64}.Release|x64.Build.0 = Release|x64
		{DD11A418-0097-4F2E-BEB4-9A66E2306C64}.Release|x86.ActiveCfg = Release|x86
		{DD11A418-0097-4F2E-BEB4-9A66E2306C64}.Release|x86.Build.0 = Release|x86
		{7443C4B9-AAC0-4A2F-A606-5E654DB1685F}.Debug|Any CPU.ActiveCfg = Debug|x86
		{7443C4B9-AAC0-4A2F-A606-5E654DB1685F}.Debug|ARM.ActiveCfg = Debug|ARM
		{7443C4B9-AAC0-4A2F-A606-5E654DB1685F}.Debug|ARM.Build.0 = Debug|ARM
		{7443C4B9-AAC0-4A2F-A606-5E654DB1685F}.Debug|ARM.Deploy.0 = Debug|ARM
		{7443C4B9-AAC0-4A2F-A606-5E654DB1685F}.Debug|x64.ActiveCfg = Debug|x64
		{7443C4B9-AAC0-4A2F-A606-5E654DB1685F}.Debug|x64.Build.0 = Debug|x64
		{7443C4B9-AAC0-4A2F-A606-5E654DB1685F}.Debug|x64.Deploy.0 = Debug|x64
		{7443C4B9-AAC0-4A2F-A606-5E654DB1685F}.Debug|x86.ActiveCfg = Debug|x86
		{7443C4B9-AAC0-4A2F-A606-5E654DB1685F}.Release|Any CPU.ActiveCfg = Release|x86
		{7443C4B9-AAC0-4A2F-A606-5E654DB1685F}.Release|ARM.ActiveCfg = Release|ARM
		{7443C4B9-AAC0-4A2F-A606-5E654DB1685F}.Release|ARM.Build.0 = Release|ARM
		{7443C4B9-AAC0-4A2F-A606-5E654DB1685F}.Release|ARM.Deploy.0 = Release|ARM
		{7443C4B9-AAC0-4A2F-A606-5E654DB1685F}.Release|x64.ActiveCfg = Release|x64
		{7443C4B9-AAC0-4A2F-A606-5E654DB1685F}.Release|x64.Build.0 = Release|x64
		{7443C4B9-AAC0-4A2F-A606-5E654DB1685F}.Release|x64.Deploy.0 = Release|x64
		{7443C4B9-AAC0-4A2F-A606-5E654DB1685F}.Release|x86.ActiveCfg = Release|x86
		{7443C4B9-AAC0-4A2F-A606-5E654DB1685F}.Release|x86.Build.0 = Release|x86
		{7443C4B9-AAC0-4A2F-A606-5E654DB1685F}.Release|x86.Deploy.0 = Release|x86
		{715D80C1-2ED0-45EE-975F-3EB557C2B602}.Debug|Any CPU.ActiveCfg = Debug|x86
		{715D80C1-2ED0-45EE-975F-3EB557C2B602}.Debug|ARM.ActiveCfg = Debug|ARM
		{715D80C1-2ED0-45EE-975F-3EB557C2B602}.Debug|ARM.Build.0 = Debug|ARM
		{715D80C1-2ED0-45EE-975F-3EB557C2B602}.Debug|ARM.Deploy.0 = Debug|ARM
		{715D80C1-2ED0-45EE-975F-3EB557C2B602}.Debug|x64.ActiveCfg = Debug|x64
		{715D80C1-2ED0-45EE-975F-3EB557C2B602}.Debug|x64.Build.0 = Debug|x64
		{715D80C1-2ED0-45EE-975F-3EB557C2B602}.Debug|x64.Deploy.0 = Debug|x64
		{715D80C1-2ED0-45EE-975F-3EB557C2B602}.Debug|x86.ActiveCfg = Debug|x86
		{715D80C1-2ED0-45EE-975F-3EB557C2B602}.Debug|x86.Build.0 = Debug|x86
		{715D80C1-2ED0-45EE-975F-3EB557C2B602}.Debug|x86.Deploy.0 = Debug|x86
		{715D80C1-2ED0-45EE-975F-3EB557C2B602}.Release|Any CPU.ActiveCfg = Release|x86
		{715D80C1-2ED0-45EE-975F-3EB557C2B602}.Release|ARM.ActiveCfg = Release|ARM
		{715D80C1-2ED0-45EE-975F-3EB557C2B602}.Release|ARM.Build.0 = Release|ARM
		{715D80C1-2ED0-45EE-975F-3EB557C2B602}.Release|ARM.Deploy.0 = Release|ARM
		{715D80C1-2ED0-45EE-975F-3EB557C2B602}.Release|x64.ActiveCfg = Release|x64
		{715D80C1-2ED0-45EE-975F-3EB557C2B602}.Release|x64.Build.0 = Release|x64
		{715D80C1-2ED0-45EE-975F-3EB557C2B602}.Release|x64.Deploy.0 = Release|x64
		{715D80C1-2ED0-45EE-975F-3EB557C2B602}.Release|x86.ActiveCfg = Release|x86
		{715D80C1-2ED0-45EE-975F-3EB557C2B602}.Release|x86.Build.0 = Release|x86
		{715D80C1-2ED0-45EE-975F-3EB557C2B602}.Release|x86.Deploy.0 = Release|x86
		{06135E4F-5A75-4894-B384-9CD5C631EA3B}.Debug|Any CPU.ActiveCfg = Debug|x86
		{06135E4F-5A75-4894-B384-9CD5C631EA3B}.Debug|ARM.ActiveCfg = Debug|ARM
		{06135E4F-5A75-4894-B384-9CD5C631EA3B}.Debug|ARM.Build.0 = Debug|ARM
		{06135E4F-5A75-4894-B384-9CD5C631EA3B}.Debug|ARM.Deploy.0 = Debug|ARM
		{06135E4F-5A75-4894-B384-9CD5C631EA3B}.Debug|x64.ActiveCfg = Debug|x64
		{06135E4F-5A75-4894-B384-9CD5C631EA3B}.Debug|x64.Build.0 = Debug|x64
		{06135E4F-5A75-4894-B384-9CD5C631EA3B}.Debug|x64.Deploy.0 = Debug|x64
		{06135E4F-5A75-4894-B384-9CD5C631EA3B}.Debug|x86.ActiveCfg = Debug|x86
		{06135E4F-5A75-4894-B384-9CD5C631EA3B}.Debug|x86.Deploy.0 = Debug|x86
		{06135E4F-5A75-4894-B384-9CD5C631EA3B}.Release|Any CPU.ActiveCfg = Release|x86
		{06135E4F-5A75-4894-B384-9CD5C631EA3B}.Release|ARM.ActiveCfg = Release|ARM
		{06135E4F-5A75-4894-B384-9CD5C631EA3B}.Release|ARM.Build.0 = Release|ARM
		{06135E4F-5A75-4894-B384-9CD5C631EA3B}.Release|ARM.Deploy.0 = Release|ARM
		{06135E4F-5A75-4894-B384-9CD5C631EA3B}.Release|x64.ActiveCfg = Release|x64
		{06135E4F-5A75-4894-B384-9CD5C631EA3B}.Release|x64.Build.0 = Release|x64
		{06135E4F-5A75-4894-B384-9CD5C631EA3B}.Release|x64.Deploy.0 = Release|x64
		{06135E4F-5A75-4894-B384-9CD5C631EA3B}.Release|x86.ActiveCfg = Release|x86
		{06135E4F-5A75-4894-B384-9CD5C631EA3B}.Release|x86.Build.0 = Release|x86
		{06135E4F-5A75-4894-B384-9CD5C631EA3B}.Release|x86.Deploy.0 = Release|x86
		{FD43054E-FAEC-43DB-BABA-F660D4F1B677}.Debug|Any CPU.ActiveCfg = Debug|Any CPU
		{FD43054E-FAEC-43DB-BABA-F660D4F1B677}.Debug|Any CPU.Build.0 = Debug|Any CPU
		{FD43054E-FAEC-43DB-BABA-F660D4F1B677}.Debug|ARM.ActiveCfg = Debug|ARM
		{FD43054E-FAEC-43DB-BABA-F660D4F1B677}.Debug|ARM.Build.0 = Debug|ARM
		{FD43054E-FAEC-43DB-BABA-F660D4F1B677}.Debug|x64.ActiveCfg = Debug|x64
		{FD43054E-FAEC-43DB-BABA-F660D4F1B677}.Debug|x64.Build.0 = Debug|x64
		{FD43054E-FAEC-43DB-BABA-F660D4F1B677}.Debug|x86.ActiveCfg = Debug|x86
		{FD43054E-FAEC-43DB-BABA-F660D4F1B677}.Debug|x86.Build.0 = Debug|x86
		{FD43054E-FAEC-43DB-BABA-F660D4F1B677}.Release|Any CPU.ActiveCfg = Release|Any CPU
		{FD43054E-FAEC-43DB-BABA-F660D4F1B677}.Release|Any CPU.Build.0 = Release|Any CPU
		{FD43054E-FAEC-43DB-BABA-F660D4F1B677}.Release|ARM.ActiveCfg = Release|ARM
		{FD43054E-FAEC-43DB-BABA-F660D4F1B677}.Release|ARM.Build.0 = Release|ARM
		{FD43054E-FAEC-43DB-BABA-F660D4F1B677}.Release|x64.ActiveCfg = Release|x64
		{FD43054E-FAEC-43DB-BABA-F660D4F1B677}.Release|x64.Build.0 = Release|x64
		{FD43054E-FAEC-43DB-BABA-F660D4F1B677}.Release|x86.ActiveCfg = Release|x86
		{FD43054E-FAEC-43DB-BABA-F660D4F1B677}.Release|x86.Build.0 = Release|x86
		{A0EF5783-7DE5-4600-A481-ED6F40FDAD5F}.Debug|Any CPU.ActiveCfg = Debug|x86
		{A0EF5783-7DE5-4600-A481-ED6F40FDAD5F}.Debug|ARM.ActiveCfg = Debug|ARM
		{A0EF5783-7DE5-4600-A481-ED6F40FDAD5F}.Debug|ARM.Build.0 = Debug|ARM
		{A0EF5783-7DE5-4600-A481-ED6F40FDAD5F}.Debug|ARM.Deploy.0 = Debug|ARM
		{A0EF5783-7DE5-4600-A481-ED6F40FDAD5F}.Debug|x64.ActiveCfg = Debug|x64
		{A0EF5783-7DE5-4600-A481-ED6F40FDAD5F}.Debug|x64.Build.0 = Debug|x64
		{A0EF5783-7DE5-4600-A481-ED6F40FDAD5F}.Debug|x64.Deploy.0 = Debug|x64
		{A0EF5783-7DE5-4600-A481-ED6F40FDAD5F}.Debug|x86.ActiveCfg = Debug|x86
		{A0EF5783-7DE5-4600-A481-ED6F40FDAD5F}.Debug|x86.Build.0 = Debug|x86
		{A0EF5783-7DE5-4600-A481-ED6F40FDAD5F}.Debug|x86.Deploy.0 = Debug|x86
		{A0EF5783-7DE5-4600-A481-ED6F40FDAD5F}.Release|Any CPU.ActiveCfg = Release|x86
		{A0EF5783-7DE5-4600-A481-ED6F40FDAD5F}.Release|ARM.ActiveCfg = Release|ARM
		{A0EF5783-7DE5-4600-A481-ED6F40FDAD5F}.Release|ARM.Build.0 = Release|ARM
		{A0EF5783-7DE5-4600-A481-ED6F40FDAD5F}.Release|ARM.Deploy.0 = Release|ARM
		{A0EF5783-7DE5-4600-A481-ED6F40FDAD5F}.Release|x64.ActiveCfg = Release|x64
		{A0EF5783-7DE5-4600-A481-ED6F40FDAD5F}.Release|x64.Build.0 = Release|x64
		{A0EF5783-7DE5-4600-A481-ED6F40FDAD5F}.Release|x64.Deploy.0 = Release|x64
		{A0EF5783-7DE5-4600-A481-ED6F40FDAD5F}.Release|x86.ActiveCfg = Release|x86
		{A0EF5783-7DE5-4600-A481-ED6F40FDAD5F}.Release|x86.Build.0 = Release|x86
		{A0EF5783-7DE5-4600-A481-ED6F40FDAD5F}.Release|x86.Deploy.0 = Release|x86
		{99EFEDFA-793E-475E-AD32-510F5A236392}.Debug|Any CPU.ActiveCfg = Debug|x86
		{99EFEDFA-793E-475E-AD32-510F5A236392}.Debug|ARM.ActiveCfg = Debug|ARM
		{99EFEDFA-793E-475E-AD32-510F5A236392}.Debug|ARM.Build.0 = Debug|ARM
		{99EFEDFA-793E-475E-AD32-510F5A236392}.Debug|ARM.Deploy.0 = Debug|ARM
		{99EFEDFA-793E-475E-AD32-510F5A236392}.Debug|x64.ActiveCfg = Debug|x64
		{99EFEDFA-793E-475E-AD32-510F5A236392}.Debug|x64.Build.0 = Debug|x64
		{99EFEDFA-793E-475E-AD32-510F5A236392}.Debug|x64.Deploy.0 = Debug|x64
		{99EFEDFA-793E-475E-AD32-510F5A236392}.Debug|x86.ActiveCfg = Debug|x86
		{99EFEDFA-793E-475E-AD32-510F5A236392}.Debug|x86.Build.0 = Debug|x86
		{99EFEDFA-793E-475E-AD32-510F5A236392}.Debug|x86.Deploy.0 = Debug|x86
		{99EFEDFA-793E-475E-AD32-510F5A236392}.Release|Any CPU.ActiveCfg = Release|x86
		{99EFEDFA-793E-475E-AD32-510F5A236392}.Release|ARM.ActiveCfg = Release|ARM
		{99EFEDFA-793E-475E-AD32-510F5A236392}.Release|ARM.Build.0 = Release|ARM
		{99EFEDFA-793E-475E-AD32-510F5A236392}.Release|ARM.Deploy.0 = Release|ARM
		{99EFEDFA-793E-475E-AD32-510F5A236392}.Release|x64.ActiveCfg = Release|x64
		{99EFEDFA-793E-475E-AD32-510F5A236392}.Release|x64.Build.0 = Release|x64
		{99EFEDFA-793E-475E-AD32-510F5A236392}.Release|x64.Deploy.0 = Release|x64
		{99EFEDFA-793E-475E-AD32-510F5A236392}.Release|x86.ActiveCfg = Release|x86
		{99EFEDFA-793E-475E-AD32-510F5A236392}.Release|x86.Build.0 = Release|x86
		{99EFEDFA-793E-475E-AD32-510F5A236392}.Release|x86.Deploy.0 = Release|x86
	EndGlobalSection
	GlobalSection(SolutionProperties) = preSolution
		HideSolutionNode = FALSE
	EndGlobalSection
EndGlobal
